
Microsoft Visual Studio Solution File, Format Version 12.00
Project("{FAE04EC0-301F-11D3-BF4B-00C04F79EFBC}") = "FlowControlTest.Server.Kestrel", "FlowControlTest.Server.Kestrel\FlowControlTest.Server.Kestrel.csproj", "{03E40447-5D62-4078-8595-42A5193C8ABC}"
EndProject
Project("{FAE04EC0-301F-11D3-BF4B-00C04F79EFBC}") = "FlowControlTest.Client", "FlowControlTest.Client\FlowControlTest.Client.csproj", "{90153DF1-1134-459E-A61A-7602AFE9339D}"
EndProject
Project("{FAE04EC0-301F-11D3-BF4B-00C04F79EFBC}") = "FlowControlTest.Server.Core", "FlowControlTest.Server.Core\FlowControlTest.Server.Core.csproj", "{D314E4BC-33CE-4AD3-955A-61CF249721B6}"
EndProject
Project("{FAE04EC0-301F-11D3-BF4B-00C04F79EFBC}") = "FlowControlTest.Server", "FlowControlTest.Server\FlowControlTest.Server.csproj", "{D8EDB2B3-32A1-4A35-BFB8-2DCBD1A875F5}"
EndProject
Global
	GlobalSection(SolutionConfigurationPlatforms) = preSolution
		Debug|Any CPU = Debug|Any CPU
		Release|Any CPU = Release|Any CPU
	EndGlobalSection
	GlobalSection(ProjectConfigurationPlatforms) = postSolution
		{03E40447-5D62-4078-8595-42A5193C8ABC}.Debug|Any CPU.ActiveCfg = Debug|Any CPU
		{03E40447-5D62-4078-8595-42A5193C8ABC}.Debug|Any CPU.Build.0 = Debug|Any CPU
		{03E40447-5D62-4078-8595-42A5193C8ABC}.Release|Any CPU.ActiveCfg = Release|Any CPU
		{03E40447-5D62-4078-8595-42A5193C8ABC}.Release|Any CPU.Build.0 = Release|Any CPU
		{90153DF1-1134-459E-A61A-7602AFE9339D}.Debug|Any CPU.ActiveCfg = Debug|Any CPU
		{90153DF1-1134-459E-A61A-7602AFE9339D}.Debug|Any CPU.Build.0 = Debug|Any CPU
		{90153DF1-1134-459E-A61A-7602AFE9339D}.Release|Any CPU.ActiveCfg = Release|Any CPU
		{90153DF1-1134-459E-A61A-7602AFE9339D}.Release|Any CPU.Build.0 = Release|Any CPU
		{D314E4BC-33CE-4AD3-955A-61CF249721B6}.Debug|Any CPU.ActiveCfg = Debug|Any CPU
		{D314E4BC-33CE-4AD3-955A-61CF249721B6}.Debug|Any CPU.Build.0 = Debug|Any CPU
		{D314E4BC-33CE-4AD3-955A-61CF249721B6}.Release|Any CPU.ActiveCfg = Release|Any CPU
		{D314E4BC-33CE-4AD3-955A-61CF249721B6}.Release|Any CPU.Build.0 = Release|Any CPU
		{D8EDB2B3-32A1-4A35-BFB8-2DCBD1A875F5}.Debug|Any CPU.ActiveCfg = Debug|Any CPU
		{D8EDB2B3-32A1-4A35-BFB8-2DCBD1A875F5}.Debug|Any CPU.Build.0 = Debug|Any CPU
		{D8EDB2B3-32A1-4A35-BFB8-2DCBD1A875F5}.Release|Any CPU.ActiveCfg = Release|Any CPU
		{D8EDB2B3-32A1-4A35-BFB8-2DCBD1A875F5}.Release|Any CPU.Build.0 = Release|Any CPU
	EndGlobalSection
EndGlobal
